
Microsoft Visual Studio Solution File, Format Version 12.00
# Visual Studio Version 16
VisualStudioVersion = 16.0.31313.79
MinimumVisualStudioVersion = 10.0.40219.1
Project("{8BC9CEB8-8B4A-11D0-8D11-00A0C91BC942}") = "Project3WSA", "Project3WSA.vcxproj", "{82600EBE-6275-4F0A-9728-3AF8ED814D35}"
EndProject
Global
	GlobalSection(SolutionConfigurationPlatforms) = preSolution
		Debug|x64 = Debug|x64
		Debug|x86 = Debug|x86
		Release|x64 = Release|x64
		Release|x86 = Release|x86
	EndGlobalSection
	GlobalSection(ProjectConfigurationPlatforms) = postSolution
		{82600EBE-6275-4F0A-9728-3AF8ED814D35}.Debug|x64.ActiveCfg = Debug|x64
		{82600EBE-6275-4F0A-9728-3AF8ED814D35}.Debug|x64.Build.0 = Debug|x64
		{82600EBE-6275-4F0A-9728-3AF8ED814D35}.Debug|x86.ActiveCfg = Debug|Win32
		{82600EBE-6275-4F0A-9728-3AF8ED814D35}.Debug|x86.Build.0 = Debug|Win32
		{82600EBE-6275-4F0A-9728-3AF8ED814D35}.Release|x64.ActiveCfg = Release|x64
		{82600EBE-6275-4F0A-9728-3AF8ED814D35}.Release|x64.Build.0 = Release|x64
		{82600EBE-6275-4F0A-9728-3AF8ED814D35}.Release|x86.ActiveCfg = Release|Win32
		{82600EBE-6275-4F0A-9728-3AF8ED814D35}.Release|x86.Build.0 = Release|Win32
	EndGlobalSection
	GlobalSection(SolutionProperties) = preSolution
		HideSolutionNode = FALSE
	EndGlobalSection
	GlobalSection(ExtensibilityGlobals) = postSolution
		SolutionGuid = {61A888AF-84F6-4FDF-8298-1B37B68D41A2}
	EndGlobalSection
EndGlobal
